
Microsoft Visual Studio Solution File, Format Version 12.00
# Visual Studio Version 17
VisualStudioVersion = 17.6.33815.320
MinimumVisualStudioVersion = 10.0.40219.1
Project("{8BC9CEB8-8B4A-11D0-8D11-00A0C91BC942}") = "pr06", "pr06.vcxproj", "{475B798B-EA8B-48CF-AC8C-1B106F3816D4}"
EndProject
Global
	GlobalSection(SolutionConfigurationPlatforms) = preSolution
		Debug|x64 = Debug|x64
		Debug|x86 = Debug|x86
		Release|x64 = Release|x64
		Release|x86 = Release|x86
	EndGlobalSection
	GlobalSection(ProjectConfigurationPlatforms) = postSolution
		{475B798B-EA8B-48CF-AC8C-1B106F3816D4}.Debug|x64.ActiveCfg = Debug|x64
		{475B798B-EA8B-48CF-AC8C-1B106F3816D4}.Debug|x64.Build.0 = Debug|x64
		{475B798B-EA8B-48CF-AC8C-1B106F3816D4}.Debug|x86.ActiveCfg = Debug|Win32
		{475B798B-EA8B-48CF-AC8C-1B106F3816D4}.Debug|x86.Build.0 = Debug|Win32
		{475B798B-EA8B-48CF-AC8C-1B106F3816D4}.Release|x64.ActiveCfg = Release|x64
		{475B798B-EA8B-48CF-AC8C-1B106F3816D4}.Release|x64.Build.0 = Release|x64
		{475B798B-EA8B-48CF-AC8C-1B106F3816D4}.Release|x86.ActiveCfg = Release|Win32
		{475B798B-EA8B-48CF-AC8C-1B106F3816D4}.Release|x86.Build.0 = Release|Win32
	EndGlobalSection
	GlobalSection(SolutionProperties) = preSolution
		HideSolutionNode = FALSE
	EndGlobalSection
	GlobalSection(ExtensibilityGlobals) = postSolution
		SolutionGuid = {5D6BEB62-953B-4FBA-86FA-28BB8AAB5665}
	EndGlobalSection
EndGlobal
