
Microsoft Visual Studio Solution File, Format Version 12.00
# Visual Studio Version 17
VisualStudioVersion = 17.6.33815.320
MinimumVisualStudioVersion = 10.0.40219.1
Project("{8BC9CEB8-8B4A-11D0-8D11-00A0C91BC942}") = "pr06", "pr06.vcxproj", "{68B7CCD4-7F4D-4507-81CA-994820824C2F}"
EndProject
Global
	GlobalSection(SolutionConfigurationPlatforms) = preSolution
		Debug|x64 = Debug|x64
		Debug|x86 = Debug|x86
		Release|x64 = Release|x64
		Release|x86 = Release|x86
	EndGlobalSection
	GlobalSection(ProjectConfigurationPlatforms) = postSolution
		{68B7CCD4-7F4D-4507-81CA-994820824C2F}.Debug|x64.ActiveCfg = Debug|x64
		{68B7CCD4-7F4D-4507-81CA-994820824C2F}.Debug|x64.Build.0 = Debug|x64
		{68B7CCD4-7F4D-4507-81CA-994820824C2F}.Debug|x86.ActiveCfg = Debug|Win32
		{68B7CCD4-7F4D-4507-81CA-994820824C2F}.Debug|x86.Build.0 = Debug|Win32
		{68B7CCD4-7F4D-4507-81CA-994820824C2F}.Release|x64.ActiveCfg = Release|x64
		{68B7CCD4-7F4D-4507-81CA-994820824C2F}.Release|x64.Build.0 = Release|x64
		{68B7CCD4-7F4D-4507-81CA-994820824C2F}.Release|x86.ActiveCfg = Release|Win32
		{68B7CCD4-7F4D-4507-81CA-994820824C2F}.Release|x86.Build.0 = Release|Win32
	EndGlobalSection
	GlobalSection(SolutionProperties) = preSolution
		HideSolutionNode = FALSE
	EndGlobalSection
	GlobalSection(ExtensibilityGlobals) = postSolution
		SolutionGuid = {22B540EE-59FE-40D8-837E-AE0F35756F73}
	EndGlobalSection
EndGlobal
