<?xml version="1.0" encoding="utf-8"?>
<Project ToolsVersion="4.0" xmlns="http://schemas.microsoft.com/developer/msbuild/2003">
  <ItemGroup>
    <Filter Include="소스 파일">
      <UniqueIdentifier>{4FC737F1-C7A5-4376-A066-2A32D752A2FF}</UniqueIdentifier>
      <Extensions>cpp;c;cc;cxx;c++;cppm;ixx;def;odl;idl;hpj;bat;asm;asmx</Extensions>
    </Filter>
    <Filter Include="헤더 파일">
      <UniqueIdentifier>{93995380-89BD-4b04-88EB-625FBE52EBFB}</UniqueIdentifier>
      <Extensions>h;hh;hpp;hxx;h++;hm;inl;inc;ipp;xsd</Extensions>
    </Filter>
    <Filter Include="리소스 파일">
      <UniqueIdentifier>{67DA6AB6-F800-4c08-8B7A-83BB121AAD01}</UniqueIdentifier>
      <Extensions>rc;ico;cur;bmp;dlg;rc2;rct;bin;rgs;gif;jpg;jpeg;jpe;resx;tiff;tif;png;wav;mfcribbon-ms</Extensions>
    </Filter>
    <Filter Include="헤더 파일\Printers">
      <UniqueIdentifier>{918e3236-780c-40a9-b3de-a7532474630f}</UniqueIdentifier>
    </Filter>
    <Filter Include="헤더 파일\Manager">
      <UniqueIdentifier>{fe257d69-d215-4ca4-bd13-5e110221d0a9}</UniqueIdentifier>
    </Filter>
    <Filter Include="소스 파일\Manager">
      <UniqueIdentifier>{9d5830e3-4001-45aa-b407-5f2112220ca2}</UniqueIdentifier>
    </Filter>
    <Filter Include="소스 파일\Printers">
      <UniqueIdentifier>{02a136e3-f836-4359-b4a6-153861a4426c}</UniqueIdentifier>
    </Filter>
  </ItemGroup>
  <ItemGroup>
    <ClCompile Include="main.cpp">
      <Filter>소스 파일</Filter>
    </ClCompile>
    <ClCompile Include="PrintManager.cpp">
      <Filter>소스 파일\Manager</Filter>
    </ClCompile>
    <ClCompile Include="InkJet.cpp">
      <Filter>소스 파일\Printers</Filter>
    </ClCompile>
    <ClCompile Include="Laser.cpp">
      <Filter>소스 파일\Printers</Filter>
    </ClCompile>
  </ItemGroup>
  <ItemGroup>
    <ClInclude Include="Headers.h">
      <Filter>헤더 파일</Filter>
    </ClInclude>
    <ClInclude Include="InkJet.h">
      <Filter>헤더 파일\Printers</Filter>
    </ClInclude>
    <ClInclude Include="Laser.h">
      <Filter>헤더 파일\Printers</Filter>
    </ClInclude>
    <ClInclude Include="Printer.h">
      <Filter>헤더 파일\Printers</Filter>
    </ClInclude>
    <ClInclude Include="PrintManager.h">
      <Filter>헤더 파일\Manager</Filter>
    </ClInclude>
  </ItemGroup>
</Project>